{
  "version": 4,
  "terraform_version": "1.1.8",
  "serial": 3,
  "lineage": "b79006b2-9f15-a78f-c2a1-1b7d700ec472",
  "outputs": {},
  "resources": [
    {
      "module": "module.eks-cluster",
      "mode": "managed",
      "type": "aws_eks_cluster",
      "name": "cluster",
      "provider": "provider[\"registry.terraform.io/hashicorp/aws\"]",
      "instances": [
        {
          "status": "tainted",
          "schema_version": 0,
          "attributes": {
            "arn": null,
            "certificate_authority": null,
            "cluster_id": null,
            "created_at": null,
            "enabled_cluster_log_types": null,
            "encryption_config": [],
            "endpoint": null,
            "id": "eks-deployment",
            "identity": null,
            "kubernetes_network_config": null,
            "name": "eks-deployment",
            "outpost_config": [],
            "platform_version": null,
            "role_arn": "arn:aws:iam::722077600047:role/aws-service-role/eks.amazonaws.com/AWSServiceRoleForAmazonEKS",
            "status": null,
            "tags": null,
            "tags_all": null,
            "timeouts": null,
            "version": null,
            "vpc_config": [
              {
                "cluster_security_group_id": "",
                "endpoint_private_access": false,
                "endpoint_public_access": true,
                "public_access_cidrs": [],
                "security_group_ids": null,
                "subnet_ids": [
                  "subnet-05bf33873f293f87c",
                  "subnet-05e194bf379794139",
                  "subnet-0fc4e2c60c6ab0c22"
                ],
                "vpc_id": ""
              }
            ]
          },
          "sensitive_attributes": [],
          "private": "eyJlMmJmYjczMC1lY2FhLTExZTYtOGY4OC0zNDM2M2JjN2M0YzAiOnsiY3JlYXRlIjoxODAwMDAwMDAwMDAwLCJkZWxldGUiOjkwMDAwMDAwMDAwMCwidXBkYXRlIjozNjAwMDAwMDAwMDAwfX0="
        }
      ]
    },
    {
      "module": "module.node-group",
      "mode": "managed",
      "type": "aws_eks_node_group",
      "name": "node_group",
      "provider": "provider[\"registry.terraform.io/hashicorp/aws\"]",
      "instances": []
    }
  ]
}
