{
  "version": 4,
  "terraform_version": "1.1.8",
  "serial": 7,
  "lineage": "b79006b2-9f15-a78f-c2a1-1b7d700ec472",
  "outputs": {
    "cluster_id": {
      "value": "eks-deployment",
      "type": "string"
    }
  },
  "resources": [
    {
      "module": "module.eks-cluster",
      "mode": "managed",
      "type": "aws_eks_cluster",
      "name": "cluster",
      "provider": "provider[\"registry.terraform.io/hashicorp/aws\"]",
      "instances": [
        {
          "schema_version": 0,
          "attributes": {
            "arn": "arn:aws:eks:us-east-1:722077600047:cluster/eks-deployment",
            "certificate_authority": [
              {
                "data": "LS0tLS1CRUdJTiBDRVJUSUZJQ0FURS0tLS0tCk1JSURCVENDQWUyZ0F3SUJBZ0lJYWpEMjliTFZ6Y2t3RFFZSktvWklodmNOQVFFTEJRQXdGVEVUTUJFR0ExVUUKQXhNS2EzVmlaWEp1WlhSbGN6QWVGdzB5TXpFeU1UUXlNakU1TkRoYUZ3MHpNekV5TVRFeU1qSTBORGhhTUJVeApFekFSQmdOVkJBTVRDbXQxWW1WeWJtVjBaWE13Z2dFaU1BMEdDU3FHU0liM0RRRUJBUVVBQTRJQkR3QXdnZ0VLCkFvSUJBUUN3TDVoWjA5WEtZcHRJTk5VQ1FhTWg2aEprU0pBWDQzTWIvMHg0aStiTkdBQ2t0NjlVbzV6NDgwZkYKN0VpWm9Pdm8wcXN1dVBya2NhQ0tEaHJycDFFUnF4bjI2OWVabTR2bUI5ZjZrTW02OXBQNGpEYTFMSmQ3OEVkSwpLeDlxWGVhYXJ5UkRTVXZERGtHbTJRSEkvVGN3bTJrWDI1Njk1NStqVmh6TzZITTI5RngybGxxTUVGTHFwSVBhCm8yVlJlSUhKQXZleG1rVW9BZ0VzMUdQbkJwRFNENDJrQUgxbUFyUVBYTUxKL0I0cmFITEVLZ1FTZ21UM3RVVnIKWDBrUDNXUSs5VHZocFpRd21ROUhEUk5nT3JESk1NeUowZlBXRjJqamtGRVY3UW9SQ2ZYOHJyeTFsd2VudXRXNQpGSjBmTEJ2NjFZeW9JekpSbmZwNFlLMGwrT0lGQWdNQkFBR2pXVEJYTUE0R0ExVWREd0VCL3dRRUF3SUNwREFQCkJnTlZIUk1CQWY4RUJUQURBUUgvTUIwR0ExVWREZ1FXQkJSS0dHVTFBOVhLa2xjRExwb2owRWZBeW9xWlZUQVYKQmdOVkhSRUVEakFNZ2dwcmRXSmxjbTVsZEdWek1BMEdDU3FHU0liM0RRRUJDd1VBQTRJQkFRQjVldElScE1obwpBVGtTK0pnM2pVaFNycVNCSkt2VDZiMG9Lc2FkWEFSOEtUZUV2YURzNFV5enhVWVp1SlBicWQ5QnFldnloaUU4CmQ4a1BDalBuOCtjeDJ4ZGIzZFhyZHVuNWgxeDNxNGNnZVVhbThnbHJhWTRRYVk5VzJDL1Y2Q1RXZDgyRUNKaDIKNnlOOVJjRUp2bkxTN21RTGxOR1FyVFA5eURGQk1KQzMxclJPdGNCNWhrYjg2QVNqMG5WREQ2VkMwWThTRFRMQQpuMEY1dGw2YUlzSGFEdHAwazRublQrSnUwOXUwdzAwNk0wS3lhRDNVQXRCWmVURXhVdllKeld1RXM3VHdiamlrCkNlVUVtbjR4Z1BRSXlRRUJaeUYxQmNHYWFlUzJMeFR0dkVWV29oQUJEZFQ4bXQ2ZC9tUGdUZGh2ZWNhcFJsbUkKYUc2QlFUMkRMa2cxCi0tLS0tRU5EIENFUlRJRklDQVRFLS0tLS0K"
              }
            ],
            "cluster_id": null,
            "created_at": "2023-12-14 22:20:29.64 +0000 UTC",
            "enabled_cluster_log_types": null,
            "encryption_config": [],
            "endpoint": "https://A927434C4F82AD0D6E59D0FF67CB9B81.sk1.us-east-1.eks.amazonaws.com",
            "id": "eks-deployment",
            "identity": [
              {
                "oidc": [
                  {
                    "issuer": "https://oidc.eks.us-east-1.amazonaws.com/id/A927434C4F82AD0D6E59D0FF67CB9B81"
                  }
                ]
              }
            ],
            "kubernetes_network_config": [
              {
                "ip_family": "ipv4",
                "service_ipv4_cidr": "10.100.0.0/16",
                "service_ipv6_cidr": ""
              }
            ],
            "name": "eks-deployment",
            "outpost_config": [],
            "platform_version": "eks.6",
            "role_arn": "arn:aws:iam::722077600047:role/aws-service-role/eks.amazonaws.com/AWSServiceRoleForAmazonEKS",
            "status": "ACTIVE",
            "tags": null,
            "tags_all": {},
            "timeouts": null,
            "version": "1.28",
            "vpc_config": [
              {
                "cluster_security_group_id": "sg-08e4bf9da628afd5d",
                "endpoint_private_access": false,
                "endpoint_public_access": true,
                "public_access_cidrs": [
                  "0.0.0.0/0"
                ],
                "security_group_ids": null,
                "subnet_ids": [
                  "subnet-05bf33873f293f87c",
                  "subnet-05e194bf379794139",
                  "subnet-0fc4e2c60c6ab0c22"
                ],
                "vpc_id": "vpc-0b23de3d6df9f7e8a"
              }
            ]
          },
          "sensitive_attributes": [],
          "private": "eyJlMmJmYjczMC1lY2FhLTExZTYtOGY4OC0zNDM2M2JjN2M0YzAiOnsiY3JlYXRlIjoxODAwMDAwMDAwMDAwLCJkZWxldGUiOjkwMDAwMDAwMDAwMCwidXBkYXRlIjozNjAwMDAwMDAwMDAwfX0="
        }
      ]
    }
  ]
}
