{
  "version": 4,
  "terraform_version": "1.1.8",
  "serial": 12,
  "lineage": "db4f9faa-0570-52cd-5602-7df9f73d4468",
  "outputs": {
    "cluster_id": {
      "value": "eks-deveploment",
      "type": "string"
    },
    "node_group_id": {
      "value": "eks-deveploment:node-group-development",
      "type": "string"
    }
  },
  "resources": [
    {
      "module": "module.eks-cluster",
      "mode": "managed",
      "type": "aws_eks_cluster",
      "name": "cluster",
      "provider": "provider[\"registry.terraform.io/hashicorp/aws\"]",
      "instances": [
        {
          "schema_version": 0,
          "attributes": {
            "arn": "arn:aws:eks:us-east-1:722077600047:cluster/eks-deveploment",
            "certificate_authority": [
              {
                "data": "LS0tLS1CRUdJTiBDRVJUSUZJQ0FURS0tLS0tCk1JSURCVENDQWUyZ0F3SUJBZ0lJTUM3VmIrdDFGdG93RFFZSktvWklodmNOQVFFTEJRQXdGVEVUTUJFR0ExVUUKQXhNS2EzVmlaWEp1WlhSbGN6QWVGdzB5TXpFeU1UUXhOakk0TVRWYUZ3MHpNekV5TVRFeE5qTXpNVFZhTUJVeApFekFSQmdOVkJBTVRDbXQxWW1WeWJtVjBaWE13Z2dFaU1BMEdDU3FHU0liM0RRRUJBUVVBQTRJQkR3QXdnZ0VLCkFvSUJBUUM5WElOZjdMcC9temhRMVVMdDZ5Q2ZmSnc2TUpVUE00SmkrcUFacGRpbDdtbk9HbWV4NTFwYW45Q24KZVhZZEQ1TytDQXBZS2l5Y3Y3RGloRXJqRnllbkt6aTAyc3ZQQ3I3cTdqN0tNZFFGZzBVVmNoY1RBREpKT1dPcQpPVUlnQi8xQmVRS2pJSGJLSC9SWmltVHplUVZaV3F2dWl0eWpaclZSc3pzcmVvekVtMytzVENMVWJDRE4yeFJtCkg0QkV3WEpxbC83alBrVy90aklJbzNac3hlbzQ5djJvQnZrbDhNcnhDUG9CQmNPV2lrbGIraGdFY1k1dnBnakMKQU5oMUovc0V2Nk04TmZxSFR3QkE5WjZ0OCtJZlNLa0diUkJ2cVg2V1J3d0toOGVvTVMrRlpoY1VkeTBYZkFoawpGMjRLRVZUWHZNMjVBZFQrVGgzWVRPQ2h6bk16QWdNQkFBR2pXVEJYTUE0R0ExVWREd0VCL3dRRUF3SUNwREFQCkJnTlZIUk1CQWY4RUJUQURBUUgvTUIwR0ExVWREZ1FXQkJUdDY3WXNxM3VZcjJVYzN0QVNVdEVOcVI4RDhUQVYKQmdOVkhSRUVEakFNZ2dwcmRXSmxjbTVsZEdWek1BMEdDU3FHU0liM0RRRUJDd1VBQTRJQkFRQUd5YWg1Q0Zqbgp2NVRMb0d5ai9Jd2hLcktzT0FER05FNnF2Sytqai9mVlp0MU82RHRkOW1wR3ZPQndBd0h0T0ptdlB5UHI3cjR5Ck5KWjY5THNkVWo4emt5MG9USzdqMkxGWURzdzgyQ3pLaVlzU1J4NjdLc1ZoMHJsYkJJYzd6b09pMUFGYXB5OHUKeEN2ZlVKUm41MEZrT0R1U2dGZC9TTnp3RGRLZFZ2NUtqcHZMTG9BdTUxMVc1QTMvSk1EdXlWZlBwYkJKRXgyNgpxSmo0NHg1WnNKY2FvdHUvek52ZzRKdjFibWFEcExNVjdjNnlkK3lRVUxma0FzSUZvaHdkdk5DQ2h0MC9TR1laCmVLNVVMU0lCMDc4MTNKQStLU1NVWGg2YTFIRkNIY3ArQ0J6dHBKLzFraG1iMFk2cmdxYlJUcWViTmxRWUQzbFgKZHh4WEJlRVg1WXR6Ci0tLS0tRU5EIENFUlRJRklDQVRFLS0tLS0K"
              }
            ],
            "cluster_id": null,
            "created_at": "2023-12-14 16:28:32.643 +0000 UTC",
            "enabled_cluster_log_types": null,
            "encryption_config": [],
            "endpoint": "https://565D0EBD957F124C9A9869D61C036216.sk1.us-east-1.eks.amazonaws.com",
            "id": "eks-deveploment",
            "identity": [
              {
                "oidc": [
                  {
                    "issuer": "https://oidc.eks.us-east-1.amazonaws.com/id/565D0EBD957F124C9A9869D61C036216"
                  }
                ]
              }
            ],
            "kubernetes_network_config": [
              {
                "ip_family": "ipv4",
                "service_ipv4_cidr": "10.100.0.0/16",
                "service_ipv6_cidr": ""
              }
            ],
            "name": "eks-deveploment",
            "outpost_config": [],
            "platform_version": "eks.6",
            "role_arn": "arn:aws:iam::722077600047:role/aws-service-role/eks.amazonaws.com/AWSServiceRoleForAmazonEKS",
            "status": "ACTIVE",
            "tags": null,
            "tags_all": {},
            "timeouts": null,
            "version": "1.28",
            "vpc_config": [
              {
                "cluster_security_group_id": "sg-078ce1a3cde123ed0",
                "endpoint_private_access": false,
                "endpoint_public_access": true,
                "public_access_cidrs": [
                  "0.0.0.0/0"
                ],
                "security_group_ids": null,
                "subnet_ids": [
                  "subnet-05bf33873f293f87c",
                  "subnet-05e194bf379794139",
                  "subnet-0fc4e2c60c6ab0c22"
                ],
                "vpc_id": "vpc-0b23de3d6df9f7e8a"
              }
            ]
          },
          "sensitive_attributes": [],
          "private": "eyJlMmJmYjczMC1lY2FhLTExZTYtOGY4OC0zNDM2M2JjN2M0YzAiOnsiY3JlYXRlIjoxODAwMDAwMDAwMDAwLCJkZWxldGUiOjkwMDAwMDAwMDAwMCwidXBkYXRlIjozNjAwMDAwMDAwMDAwfX0="
        }
      ]
    },
    {
      "module": "module.node-group",
      "mode": "managed",
      "type": "aws_eks_node_group",
      "name": "node_group",
      "provider": "provider[\"registry.terraform.io/hashicorp/aws\"]",
      "instances": [
        {
          "schema_version": 0,
          "attributes": {
            "ami_type": "AL2_x86_64",
            "arn": "arn:aws:eks:us-east-1:722077600047:nodegroup/eks-deveploment/node-group-development/12c63497-d3d1-a27f-fcf4-0d2bb1fe986f",
            "capacity_type": "ON_DEMAND",
            "cluster_name": "eks-deveploment",
            "disk_size": 20,
            "force_update_version": null,
            "id": "eks-deveploment:node-group-development",
            "instance_types": [
              "t3.medium"
            ],
            "labels": null,
            "launch_template": [],
            "node_group_name": "node-group-development",
            "node_group_name_prefix": "",
            "node_role_arn": "arn:aws:iam::722077600047:role/AmazonEKSNodegroupRole",
            "release_version": "1.28.3-20231201",
            "remote_access": [],
            "resources": [
              {
                "autoscaling_groups": [
                  {
                    "name": "eks-node-group-development-12c63497-d3d1-a27f-fcf4-0d2bb1fe986f"
                  }
                ],
                "remote_access_security_group_id": ""
              }
            ],
            "scaling_config": [
              {
                "desired_size": 2,
                "max_size": 3,
                "min_size": 1
              }
            ],
            "status": "ACTIVE",
            "subnet_ids": [
              "subnet-05bf33873f293f87c",
              "subnet-05e194bf379794139",
              "subnet-0fc4e2c60c6ab0c22"
            ],
            "tags": null,
            "tags_all": {},
            "taint": [],
            "timeouts": null,
            "update_config": [
              {
                "max_unavailable": 1,
                "max_unavailable_percentage": 0
              }
            ],
            "version": "1.28"
          },
          "sensitive_attributes": [],
          "private": "eyJlMmJmYjczMC1lY2FhLTExZTYtOGY4OC0zNDM2M2JjN2M0YzAiOnsiY3JlYXRlIjozNjAwMDAwMDAwMDAwLCJkZWxldGUiOjM2MDAwMDAwMDAwMDAsInVwZGF0ZSI6MzYwMDAwMDAwMDAwMH19",
          "dependencies": [
            "module.eks-cluster.aws_eks_cluster.cluster"
          ]
        }
      ]
    }
  ]
}
